{
  "requires": true,
  "lockfileVersion": 1,
  "dependencies": {
    "@heroicons/react": {
      "version": "1.0.4",
      "resolved": "https://registry.npmjs.org/@heroicons/react/-/react-1.0.4.tgz",
      "integrity": "sha512-3kOrTmo8+Z8o6AL0rzN82MOf8J5CuxhRLFhpI8mrn+3OqekA6d5eb1GYO3EYYo1Vn6mYQSMNTzCWbEwUInb0cQ=="
    }
  }
}
